
Microsoft Visual Studio Solution File, Format Version 12.00
# Visual Studio Version 16
VisualStudioVersion = 16.0.29326.143
MinimumVisualStudioVersion = 10.0.40219.1
Project("{FAE04EC0-301F-11D3-BF4B-00C04F79EFBC}") = "BankManagementSystem", "BankManagementSystem\BankManagementSystem.csproj", "{338A56EE-86DC-483B-B765-6028119D58A4}"
EndProject
Global
	GlobalSection(SolutionConfigurationPlatforms) = preSolution
		Debug|Any CPU = Debug|Any CPU
		Release|Any CPU = Release|Any CPU
	EndGlobalSection
	GlobalSection(ProjectConfigurationPlatforms) = postSolution
		{338A56EE-86DC-483B-B765-6028119D58A4}.Debug|Any CPU.ActiveCfg = Debug|Any CPU
		{338A56EE-86DC-483B-B765-6028119D58A4}.Debug|Any CPU.Build.0 = Debug|Any CPU
		{338A56EE-86DC-483B-B765-6028119D58A4}.Release|Any CPU.ActiveCfg = Release|Any CPU
		{338A56EE-86DC-483B-B765-6028119D58A4}.Release|Any CPU.Build.0 = Release|Any CPU
	EndGlobalSection
	GlobalSection(SolutionProperties) = preSolution
		HideSolutionNode = FALSE
	EndGlobalSection
	GlobalSection(ExtensibilityGlobals) = postSolution
		SolutionGuid = {46625AEE-4D7D-41CC-BE2D-8B50C05BEF28}
	EndGlobalSection
EndGlobal
