
Microsoft Visual Studio Solution File, Format Version 12.00
# Visual Studio Version 16
VisualStudioVersion = 16.0.29326.143
MinimumVisualStudioVersion = 10.0.40219.1
Project("{FAE04EC0-301F-11D3-BF4B-00C04F79EFBC}") = "AttributesAndReflection", "AttributesAndReflection\AttributesAndReflection.csproj", "{AC81E28F-29DF-42FD-BA80-7D6815EC37E4}"
EndProject
Global
	GlobalSection(SolutionConfigurationPlatforms) = preSolution
		Debug|Any CPU = Debug|Any CPU
		Release|Any CPU = Release|Any CPU
	EndGlobalSection
	GlobalSection(ProjectConfigurationPlatforms) = postSolution
		{AC81E28F-29DF-42FD-BA80-7D6815EC37E4}.Debug|Any CPU.ActiveCfg = Debug|Any CPU
		{AC81E28F-29DF-42FD-BA80-7D6815EC37E4}.Debug|Any CPU.Build.0 = Debug|Any CPU
		{AC81E28F-29DF-42FD-BA80-7D6815EC37E4}.Release|Any CPU.ActiveCfg = Release|Any CPU
		{AC81E28F-29DF-42FD-BA80-7D6815EC37E4}.Release|Any CPU.Build.0 = Release|Any CPU
	EndGlobalSection
	GlobalSection(SolutionProperties) = preSolution
		HideSolutionNode = FALSE
	EndGlobalSection
	GlobalSection(ExtensibilityGlobals) = postSolution
		SolutionGuid = {264CFA30-60DE-4048-89B7-07D88D1EC228}
	EndGlobalSection
EndGlobal
