
Microsoft Visual Studio Solution File, Format Version 12.00
# Visual Studio Version 16
VisualStudioVersion = 16.0.29326.143
MinimumVisualStudioVersion = 10.0.40219.1
Project("{9A19103F-16F7-4668-BE54-9A1E7A4F7556}") = "DatingApp.Api", "DatingApp\DatingApp.Api.csproj", "{9629FBDC-7B16-4EE9-AB06-83AAD096729F}"
EndProject
Project("{FAE04EC0-301F-11D3-BF4B-00C04F79EFBC}") = "DatingApp.DataModel", "DatingApp.DataModel\DatingApp.DataModel.csproj", "{67242323-DCD2-47E6-BA30-3AB042486049}"
EndProject
Project("{FAE04EC0-301F-11D3-BF4B-00C04F79EFBC}") = "DatingApp.ServiceModel", "DatingApp.ServiceModel\DatingApp.ServiceModel.csproj", "{C330711A-D80A-4488-99A3-7A7A5CF209DC}"
EndProject
Global
	GlobalSection(SolutionConfigurationPlatforms) = preSolution
		Debug|Any CPU = Debug|Any CPU
		Release|Any CPU = Release|Any CPU
	EndGlobalSection
	GlobalSection(ProjectConfigurationPlatforms) = postSolution
		{9629FBDC-7B16-4EE9-AB06-83AAD096729F}.Debug|Any CPU.ActiveCfg = Debug|Any CPU
		{9629FBDC-7B16-4EE9-AB06-83AAD096729F}.Debug|Any CPU.Build.0 = Debug|Any CPU
		{9629FBDC-7B16-4EE9-AB06-83AAD096729F}.Release|Any CPU.ActiveCfg = Release|Any CPU
		{9629FBDC-7B16-4EE9-AB06-83AAD096729F}.Release|Any CPU.Build.0 = Release|Any CPU
		{67242323-DCD2-47E6-BA30-3AB042486049}.Debug|Any CPU.ActiveCfg = Debug|Any CPU
		{67242323-DCD2-47E6-BA30-3AB042486049}.Debug|Any CPU.Build.0 = Debug|Any CPU
		{67242323-DCD2-47E6-BA30-3AB042486049}.Release|Any CPU.ActiveCfg = Release|Any CPU
		{67242323-DCD2-47E6-BA30-3AB042486049}.Release|Any CPU.Build.0 = Release|Any CPU
		{C330711A-D80A-4488-99A3-7A7A5CF209DC}.Debug|Any CPU.ActiveCfg = Debug|Any CPU
		{C330711A-D80A-4488-99A3-7A7A5CF209DC}.Debug|Any CPU.Build.0 = Debug|Any CPU
		{C330711A-D80A-4488-99A3-7A7A5CF209DC}.Release|Any CPU.ActiveCfg = Release|Any CPU
		{C330711A-D80A-4488-99A3-7A7A5CF209DC}.Release|Any CPU.Build.0 = Release|Any CPU
	EndGlobalSection
	GlobalSection(SolutionProperties) = preSolution
		HideSolutionNode = FALSE
	EndGlobalSection
	GlobalSection(ExtensibilityGlobals) = postSolution
		SolutionGuid = {D1B76490-E6C6-44CB-B973-871196A7B1B2}
	EndGlobalSection
EndGlobal
